
Microsoft Visual Studio Solution File, Format Version 12.00
# Visual Studio Version 17
VisualStudioVersion = 17.11.35312.102
MinimumVisualStudioVersion = 10.0.40219.1
Project("{FAE04EC0-301F-11D3-BF4B-00C04F79EFBC}") = "yourLibraryAPI", "yourLibraryAPI\yourLibraryAPI.csproj", "{CF01535A-0B1C-429E-A475-8D1C11942761}"
EndProject
Global
	GlobalSection(SolutionConfigurationPlatforms) = preSolution
		Debug|Any CPU = Debug|Any CPU
		Release|Any CPU = Release|Any CPU
	EndGlobalSection
	GlobalSection(ProjectConfigurationPlatforms) = postSolution
		{CF01535A-0B1C-429E-A475-8D1C11942761}.Debug|Any CPU.ActiveCfg = Debug|Any CPU
		{CF01535A-0B1C-429E-A475-8D1C11942761}.Debug|Any CPU.Build.0 = Debug|Any CPU
		{CF01535A-0B1C-429E-A475-8D1C11942761}.Release|Any CPU.ActiveCfg = Release|Any CPU
		{CF01535A-0B1C-429E-A475-8D1C11942761}.Release|Any CPU.Build.0 = Release|Any CPU
	EndGlobalSection
	GlobalSection(SolutionProperties) = preSolution
		HideSolutionNode = FALSE
	EndGlobalSection
	GlobalSection(ExtensibilityGlobals) = postSolution
		SolutionGuid = {0C3D0922-7DEA-4E96-8A61-91940629C07A}
	EndGlobalSection
EndGlobal
